// !$*UTF8*$!
{
	archiveVersion = 1;
	classes = {
	};
	objectVersion = 77;
	objects = {

/* Begin PBXBuildFile section */
		52629AC92ED1886400FD6362 /* ContentBlocker.appex in Embed Foundation Extensions */ = {isa = PBXBuildFile; fileRef = 52629AC02ED1886400FD6362 /* ContentBlocker.appex */; settings = {ATTRIBUTES = (RemoveHeadersOnCopy, ); }; };
/* End PBXBuildFile section */

/* Begin PBXContainerItemProxy section */
		52629A852ED177F400FD6362 /* PBXContainerItemProxy */ = {
			isa = PBXContainerItemProxy;
			containerPortal = 52629A6F2ED177F300FD6362 /* Project object */;
			proxyType = 1;
			remoteGlobalIDString = 52629A762ED177F300FD6362;
			remoteInfo = Focuser;
		};
		52629A8F2ED177F400FD6362 /* PBXContainerItemProxy */ = {
			isa = PBXContainerItemProxy;
			containerPortal = 52629A6F2ED177F300FD6362 /* Project object */;
			proxyType = 1;
			remoteGlobalIDString = 52629A762ED177F300FD6362;
			remoteInfo = Focuser;
		};
		52629AC72ED1886400FD6362 /* PBXContainerItemProxy */ = {
			isa = PBXContainerItemProxy;
			containerPortal = 52629A6F2ED177F300FD6362 /* Project object */;
			proxyType = 1;
			remoteGlobalIDString = 52629ABF2ED1886400FD6362;
			remoteInfo = ContentBlocker;
		};
/* End PBXContainerItemProxy section */

/* Begin PBXCopyFilesBuildPhase section */
		52629ACE2ED1886400FD6362 /* Embed Foundation Extensions */ = {
			isa = PBXCopyFilesBuildPhase;
			buildActionMask = 2147483647;
			dstPath = "";
			dstSubfolderSpec = 13;
			files = (
				52629AC92ED1886400FD6362 /* ContentBlocker.appex in Embed Foundation Extensions */,
			);
			name = "Embed Foundation Extensions";
			runOnlyForDeploymentPostprocessing = 0;
		};
/* End PBXCopyFilesBuildPhase section */

/* Begin PBXFileReference section */
		52629A772ED177F300FD6362 /* Focuser.app */ = {isa = PBXFileReference; explicitFileType = wrapper.application; includeInIndex = 0; path = Focuser.app; sourceTree = BUILT_PRODUCTS_DIR; };
		52629A842ED177F400FD6362 /* FocuserTests.xctest */ = {isa = PBXFileReference; explicitFileType = wrapper.cfbundle; includeInIndex = 0; path = FocuserTests.xctest; sourceTree = BUILT_PRODUCTS_DIR; };
		52629A8E2ED177F400FD6362 /* FocuserUITests.xctest */ = {isa = PBXFileReference; explicitFileType = wrapper.cfbundle; includeInIndex = 0; path = FocuserUITests.xctest; sourceTree = BUILT_PRODUCTS_DIR; };
		52629AC02ED1886400FD6362 /* ContentBlocker.appex */ = {isa = PBXFileReference; explicitFileType = "wrapper.app-extension"; includeInIndex = 0; path = ContentBlocker.appex; sourceTree = BUILT_PRODUCTS_DIR; };
/* End PBXFileReference section */

/* Begin PBXFileSystemSynchronizedBuildFileExceptionSet section */
		52629ACA2ED1886400FD6362 /* Exceptions for "ContentBlocker" folder in "ContentBlocker" target */ = {
			isa = PBXFileSystemSynchronizedBuildFileExceptionSet;
			membershipExceptions = (
				Info.plist,
			);
			target = 52629ABF2ED1886400FD6362 /* ContentBlocker */;
		};
/* End PBXFileSystemSynchronizedBuildFileExceptionSet section */

/* Begin PBXFileSystemSynchronizedRootGroup section */
		52629A792ED177F300FD6362 /* Focuser */ = {
			isa = PBXFileSystemSynchronizedRootGroup;
			path = Focuser;
			sourceTree = "<group>";
		};
		52629A872ED177F400FD6362 /* FocuserTests */ = {
			isa = PBXFileSystemSynchronizedRootGroup;
			path = FocuserTests;
			sourceTree = "<group>";
		};
		52629A912ED177F400FD6362 /* FocuserUITests */ = {
			isa = PBXFileSystemSynchronizedRootGroup;
			path = FocuserUITests;
			sourceTree = "<group>";
		};
		52629AC12ED1886400FD6362 /* ContentBlocker */ = {
			isa = PBXFileSystemSynchronizedRootGroup;
			exceptions = (
				52629ACA2ED1886400FD6362 /* Exceptions for "ContentBlocker" folder in "ContentBlocker" target */,
			);
			path = ContentBlocker;
			sourceTree = "<group>";
		};
/* End PBXFileSystemSynchronizedRootGroup section */

/* Begin PBXFrameworksBuildPhase section */
		52629A742ED177F300FD6362 /* Frameworks */ = {
			isa = PBXFrameworksBuildPhase;
			buildActionMask = 2147483647;
			files = (
			);
			runOnlyForDeploymentPostprocessing = 0;
		};
		52629A812ED177F400FD6362 /* Frameworks */ = {
			isa = PBXFrameworksBuildPhase;
			buildActionMask = 2147483647;
			files = (
			);
			runOnlyForDeploymentPostprocessing = 0;
		};
		52629A8B2ED177F400FD6362 /* Frameworks */ = {
			isa = PBXFrameworksBuildPhase;
			buildActionMask = 2147483647;
			files = (
			);
			runOnlyForDeploymentPostprocessing = 0;
		};
		52629ABD2ED1886400FD6362 /* Frameworks */ = {
			isa = PBXFrameworksBuildPhase;
			buildActionMask = 2147483647;
			files = (
			);
			runOnlyForDeploymentPostprocessing = 0;
		};
/* End PBXFrameworksBuildPhase section */

/* Begin PBXGroup section */
		52629A6E2ED177F300FD6362 = {
			isa = PBXGroup;
			children = (
				52629A792ED177F300FD6362 /* Focuser */,
				52629A872ED177F400FD6362 /* FocuserTests */,
				52629A912ED177F400FD6362 /* FocuserUITests */,
				52629AC12ED1886400FD6362 /* ContentBlocker */,
				52629A782ED177F300FD6362 /* Products */,
			);
			sourceTree = "<group>";
		};
		52629A782ED177F300FD6362 /* Products */ = {
			isa = PBXGroup;
			children = (
				52629A772ED177F300FD6362 /* Focuser.app */,
				52629A842ED177F400FD6362 /* FocuserTests.xctest */,
				52629A8E2ED177F400FD6362 /* FocuserUITests.xctest */,
				52629AC02ED1886400FD6362 /* ContentBlocker.appex */,
			);
			name = Products;
			sourceTree = "<group>";
		};
/* End PBXGroup section */

/* Begin PBXNativeTarget section */
		52629A762ED177F300FD6362 /* Focuser */ = {
			isa = PBXNativeTarget;
			buildConfigurationList = 52629A982ED177F400FD6362 /* Build configuration list for PBXNativeTarget "Focuser" */;
			buildPhases = (
				52629A732ED177F300FD6362 /* Sources */,
				52629A742ED177F300FD6362 /* Frameworks */,
				52629A752ED177F300FD6362 /* Resources */,
				52629ACE2ED1886400FD6362 /* Embed Foundation Extensions */,
			);
			buildRules = (
			);
			dependencies = (
				52629AC82ED1886400FD6362 /* PBXTargetDependency */,
			);
			fileSystemSynchronizedGroups = (
				52629A792ED177F300FD6362 /* Focuser */,
			);
			name = Focuser;
			packageProductDependencies = (
			);
			productName = Focuser;
			productReference = 52629A772ED177F300FD6362 /* Focuser.app */;
			productType = "com.apple.product-type.application";
		};
		52629A832ED177F400FD6362 /* FocuserTests */ = {
			isa = PBXNativeTarget;
			buildConfigurationList = 52629A9B2ED177F400FD6362 /* Build configuration list for PBXNativeTarget "FocuserTests" */;
			buildPhases = (
				52629A802ED177F400FD6362 /* Sources */,
				52629A812ED177F400FD6362 /* Frameworks */,
				52629A822ED177F400FD6362 /* Resources */,
			);
			buildRules = (
			);
			dependencies = (
				52629A862ED177F400FD6362 /* PBXTargetDependency */,
			);
			fileSystemSynchronizedGroups = (
				52629A872ED177F400FD6362 /* FocuserTests */,
			);
			name = FocuserTests;
			packageProductDependencies = (
			);
			productName = FocuserTests;
			productReference = 52629A842ED177F400FD6362 /* FocuserTests.xctest */;
			productType = "com.apple.product-type.bundle.unit-test";
		};
		52629A8D2ED177F400FD6362 /* FocuserUITests */ = {
			isa = PBXNativeTarget;
			buildConfigurationList = 52629A9E2ED177F400FD6362 /* Build configuration list for PBXNativeTarget "FocuserUITests" */;
			buildPhases = (
				52629A8A2ED177F400FD6362 /* Sources */,
				52629A8B2ED177F400FD6362 /* Frameworks */,
				52629A8C2ED177F400FD6362 /* Resources */,
			);
			buildRules = (
			);
			dependencies = (
				52629A902ED177F400FD6362 /* PBXTargetDependency */,
			);
			fileSystemSynchronizedGroups = (
				52629A912ED177F400FD6362 /* FocuserUITests */,
			);
			name = FocuserUITests;
			packageProductDependencies = (
			);
			productName = FocuserUITests;
			productReference = 52629A8E2ED177F400FD6362 /* FocuserUITests.xctest */;
			productType = "com.apple.product-type.bundle.ui-testing";
		};
		52629ABF2ED1886400FD6362 /* ContentBlocker */ = {
			isa = PBXNativeTarget;
			buildConfigurationList = 52629ACB2ED1886400FD6362 /* Build configuration list for PBXNativeTarget "ContentBlocker" */;
			buildPhases = (
				52629ABC2ED1886400FD6362 /* Sources */,
				52629ABD2ED1886400FD6362 /* Frameworks */,
				52629ABE2ED1886400FD6362 /* Resources */,
			);
			buildRules = (
			);
			dependencies = (
			);
			fileSystemSynchronizedGroups = (
				52629AC12ED1886400FD6362 /* ContentBlocker */,
			);
			name = ContentBlocker;
			packageProductDependencies = (
			);
			productName = ContentBlocker;
			productReference = 52629AC02ED1886400FD6362 /* ContentBlocker.appex */;
			productType = "com.apple.product-type.app-extension";
		};
/* End PBXNativeTarget section */

/* Begin PBXProject section */
		52629A6F2ED177F300FD6362 /* Project object */ = {
			isa = PBXProject;
			attributes = {
				BuildIndependentTargetsInParallel = 1;
				LastSwiftUpdateCheck = 1640;
				LastUpgradeCheck = 1640;
				TargetAttributes = {
					52629A762ED177F300FD6362 = {
						CreatedOnToolsVersion = 16.4;
					};
					52629A832ED177F400FD6362 = {
						CreatedOnToolsVersion = 16.4;
						TestTargetID = 52629A762ED177F300FD6362;
					};
					52629A8D2ED177F400FD6362 = {
						CreatedOnToolsVersion = 16.4;
						TestTargetID = 52629A762ED177F300FD6362;
					};
					52629ABF2ED1886400FD6362 = {
						CreatedOnToolsVersion = 16.4;
					};
				};
			};
			buildConfigurationList = 52629A722ED177F300FD6362 /* Build configuration list for PBXProject "Focuser" */;
			developmentRegion = en;
			hasScannedForEncodings = 0;
			knownRegions = (
				en,
				Base,
			);
			mainGroup = 52629A6E2ED177F300FD6362;
			minimizedProjectReferenceProxies = 1;
			preferredProjectObjectVersion = 77;
			productRefGroup = 52629A782ED177F300FD6362 /* Products */;
			projectDirPath = "";
			projectRoot = "";
			targets = (
				52629A762ED177F300FD6362 /* Focuser */,
				52629A832ED177F400FD6362 /* FocuserTests */,
				52629A8D2ED177F400FD6362 /* FocuserUITests */,
				52629ABF2ED1886400FD6362 /* ContentBlocker */,
			);
		};
/* End PBXProject section */

/* Begin PBXResourcesBuildPhase section */
		52629A752ED177F300FD6362 /* Resources */ = {
			isa = PBXResourcesBuildPhase;
			buildActionMask = 2147483647;
			files = (
			);
			runOnlyForDeploymentPostprocessing = 0;
		};
		52629A822ED177F400FD6362 /* Resources */ = {
			isa = PBXResourcesBuildPhase;
			buildActionMask = 2147483647;
			files = (
			);
			runOnlyForDeploymentPostprocessing = 0;
		};
		52629A8C2ED177F400FD6362 /* Resources */ = {
			isa = PBXResourcesBuildPhase;
			buildActionMask = 2147483647;
			files = (
			);
			runOnlyForDeploymentPostprocessing = 0;
		};
		52629ABE2ED1886400FD6362 /* Resources */ = {
			isa = PBXResourcesBuildPhase;
			buildActionMask = 2147483647;
			files = (
			);
			runOnlyForDeploymentPostprocessing = 0;
		};
/* End PBXResourcesBuildPhase section */

/* Begin PBXSourcesBuildPhase section */
		52629A732ED177F300FD6362 /* Sources */ = {
			isa = PBXSourcesBuildPhase;
			buildActionMask = 2147483647;
			files = (
			);
			runOnlyForDeploymentPostprocessing = 0;
		};
		52629A802ED177F400FD6362 /* Sources */ = {
			isa = PBXSourcesBuildPhase;
			buildActionMask = 2147483647;
			files = (
			);
			runOnlyForDeploymentPostprocessing = 0;
		};
		52629A8A2ED177F400FD6362 /* Sources */ = {
			isa = PBXSourcesBuildPhase;
			buildActionMask = 2147483647;
			files = (
			);
			runOnlyForDeploymentPostprocessing = 0;
		};
		52629ABC2ED1886400FD6362 /* Sources */ = {
			isa = PBXSourcesBuildPhase;
			buildActionMask = 2147483647;
			files = (
			);
			runOnlyForDeploymentPostprocessing = 0;
		};
/* End PBXSourcesBuildPhase section */

/* Begin PBXTargetDependency section */
		52629A862ED177F400FD6362 /* PBXTargetDependency */ = {
			isa = PBXTargetDependency;
			target = 52629A762ED177F300FD6362 /* Focuser */;
			targetProxy = 52629A852ED177F400FD6362 /* PBXContainerItemProxy */;
		};
		52629A902ED177F400FD6362 /* PBXTargetDependency */ = {
			isa = PBXTargetDependency;
			target = 52629A762ED177F300FD6362 /* Focuser */;
			targetProxy = 52629A8F2ED177F400FD6362 /* PBXContainerItemProxy */;
		};
		52629AC82ED1886400FD6362 /* PBXTargetDependency */ = {
			isa = PBXTargetDependency;
			target = 52629ABF2ED1886400FD6362 /* ContentBlocker */;
			targetProxy = 52629AC72ED1886400FD6362 /* PBXContainerItemProxy */;
		};
/* End PBXTargetDependency section */

/* Begin XCBuildConfiguration section */
		52629A962ED177F400FD6362 /* Debug */ = {
			isa = XCBuildConfiguration;
			buildSettings = {
				ALWAYS_SEARCH_USER_PATHS = NO;
				ASSETCATALOG_COMPILER_GENERATE_SWIFT_ASSET_SYMBOL_EXTENSIONS = YES;
				CLANG_ANALYZER_NONNULL = YES;
				CLANG_ANALYZER_NUMBER_OBJECT_CONVERSION = YES_AGGRESSIVE;
				CLANG_CXX_LANGUAGE_STANDARD = "gnu++20";
				CLANG_ENABLE_MODULES = YES;
				CLANG_ENABLE_OBJC_ARC = YES;
				CLANG_ENABLE_OBJC_WEAK = YES;
				CLANG_WARN_BLOCK_CAPTURE_AUTORELEASING = YES;
				CLANG_WARN_BOOL_CONVERSION = YES;
				CLANG_WARN_COMMA = YES;
				CLANG_WARN_CONSTANT_CONVERSION = YES;
				CLANG_WARN_DEPRECATED_OBJC_IMPLEMENTATIONS = YES;
				CLANG_WARN_DIRECT_OBJC_ISA_USAGE = YES_ERROR;
				CLANG_WARN_DOCUMENTATION_COMMENTS = YES;
				CLANG_WARN_EMPTY_BODY = YES;
				CLANG_WARN_ENUM_CONVERSION = YES;
				CLANG_WARN_INFINITE_RECURSION = YES;
				CLANG_WARN_INT_CONVERSION = YES;
				CLANG_WARN_NON_LITERAL_NULL_CONVERSION = YES;
				CLANG_WARN_OBJC_IMPLICIT_RETAIN_SELF = YES;
				CLANG_WARN_OBJC_LITERAL_CONVERSION = YES;
				CLANG_WARN_OBJC_ROOT_CLASS = YES_ERROR;
				CLANG_WARN_QUOTED_INCLUDE_IN_FRAMEWORK_HEADER = YES;
				CLANG_WARN_RANGE_LOOP_ANALYSIS = YES;
				CLANG_WARN_STRICT_PROTOTYPES = YES;
				CLANG_WARN_SUSPICIOUS_MOVE = YES;
				CLANG_WARN_UNGUARDED_AVAILABILITY = YES_AGGRESSIVE;
				CLANG_WARN_UNREACHABLE_CODE = YES;
				CLANG_WARN__DUPLICATE_METHOD_MATCH = YES;
				COPY_PHASE_STRIP = NO;
				DEBUG_INFORMATION_FORMAT = dwarf;
				DEVELOPMENT_TEAM = MS6B699Q5Z;
				ENABLE_STRICT_OBJC_MSGSEND = YES;
				ENABLE_TESTABILITY = YES;
				ENABLE_USER_SCRIPT_SANDBOXING = YES;
				GCC_C_LANGUAGE_STANDARD = gnu17;
				GCC_DYNAMIC_NO_PIC = NO;
				GCC_NO_COMMON_BLOCKS = YES;
				GCC_OPTIMIZATION_LEVEL = 0;
				GCC_PREPROCESSOR_DEFINITIONS = (
					"DEBUG=1",
					"$(inherited)",
				);
				GCC_WARN_64_TO_32_BIT_CONVERSION = YES;
				GCC_WARN_ABOUT_RETURN_TYPE = YES_ERROR;
				GCC_WARN_UNDECLARED_SELECTOR = YES;
				GCC_WARN_UNINITIALIZED_AUTOS = YES_AGGRESSIVE;
				GCC_WARN_UNUSED_FUNCTION = YES;
				GCC_WARN_UNUSED_VARIABLE = YES;
				IPHONEOS_DEPLOYMENT_TARGET = 18.5;
				LOCALIZATION_PREFERS_STRING_CATALOGS = YES;
				MTL_ENABLE_DEBUG_INFO = INCLUDE_SOURCE;
				MTL_FAST_MATH = YES;
				ONLY_ACTIVE_ARCH = YES;
				SDKROOT = iphoneos;
				SWIFT_ACTIVE_COMPILATION_CONDITIONS = "DEBUG $(inherited)";
				SWIFT_OPTIMIZATION_LEVEL = "-Onone";
			};
			name = Debug;
		};
		52629A972ED177F400FD6362 /* Release */ = {
			isa = XCBuildConfiguration;
			buildSettings = {
				ALWAYS_SEARCH_USER_PATHS = NO;
				ASSETCATALOG_COMPILER_GENERATE_SWIFT_ASSET_SYMBOL_EXTENSIONS = YES;
				CLANG_ANALYZER_NONNULL = YES;
				CLANG_ANALYZER_NUMBER_OBJECT_CONVERSION = YES_AGGRESSIVE;
				CLANG_CXX_LANGUAGE_STANDARD = "gnu++20";
				CLANG_ENABLE_MODULES = YES;
				CLANG_ENABLE_OBJC_ARC = YES;
				CLANG_ENABLE_OBJC_WEAK = YES;
				CLANG_WARN_BLOCK_CAPTURE_AUTORELEASING = YES;
				CLANG_WARN_BOOL_CONVERSION = YES;
				CLANG_WARN_COMMA = YES;
				CLANG_WARN_CONSTANT_CONVERSION = YES;
				CLANG_WARN_DEPRECATED_OBJC_IMPLEMENTATIONS = YES;
				CLANG_WARN_DIRECT_OBJC_ISA_USAGE = YES_ERROR;
				CLANG_WARN_DOCUMENTATION_COMMENTS = YES;
				CLANG_WARN_EMPTY_BODY = YES;
				CLANG_WARN_ENUM_CONVERSION = YES;
				CLANG_WARN_INFINITE_RECURSION = YES;
				CLANG_WARN_INT_CONVERSION = YES;
				CLANG_WARN_NON_LITERAL_NULL_CONVERSION = YES;
				CLANG_WARN_OBJC_IMPLICIT_RETAIN_SELF = YES;
				CLANG_WARN_OBJC_LITERAL_CONVERSION = YES;
				CLANG_WARN_OBJC_ROOT_CLASS = YES_ERROR;
				CLANG_WARN_QUOTED_INCLUDE_IN_FRAMEWORK_HEADER = YES;
				CLANG_WARN_RANGE_LOOP_ANALYSIS = YES;
				CLANG_WARN_STRICT_PROTOTYPES = YES;
				CLANG_WARN_SUSPICIOUS_MOVE = YES;
				CLANG_WARN_UNGUARDED_AVAILABILITY = YES_AGGRESSIVE;
				CLANG_WARN_UNREACHABLE_CODE = YES;
				CLANG_WARN__DUPLICATE_METHOD_MATCH = YES;
				COPY_PHASE_STRIP = NO;
				DEBUG_INFORMATION_FORMAT = "dwarf-with-dsym";
				DEVELOPMENT_TEAM = MS6B699Q5Z;
				ENABLE_NS_ASSERTIONS = NO;
				ENABLE_STRICT_OBJC_MSGSEND = YES;
				ENABLE_USER_SCRIPT_SANDBOXING = YES;
				GCC_C_LANGUAGE_STANDARD = gnu17;
				GCC_NO_COMMON_BLOCKS = YES;
				GCC_WARN_64_TO_32_BIT_CONVERSION = YES;
				GCC_WARN_ABOUT_RETURN_TYPE = YES_ERROR;
				GCC_WARN_UNDECLARED_SELECTOR = YES;
				GCC_WARN_UNINITIALIZED_AUTOS = YES_AGGRESSIVE;
				GCC_WARN_UNUSED_FUNCTION = YES;
				GCC_WARN_UNUSED_VARIABLE = YES;
				IPHONEOS_DEPLOYMENT_TARGET = 18.5;
				LOCALIZATION_PREFERS_STRING_CATALOGS = YES;
				MTL_ENABLE_DEBUG_INFO = NO;
				MTL_FAST_MATH = YES;
				SDKROOT = iphoneos;
				SWIFT_COMPILATION_MODE = wholemodule;
				VALIDATE_PRODUCT = YES;
			};
			name = Release;
		};
		52629A992ED177F400FD6362 /* Debug */ = {
			isa = XCBuildConfiguration;
			buildSettings = {
				ASSETCATALOG_COMPILER_APPICON_NAME = AppIcon;
				ASSETCATALOG_COMPILER_GLOBAL_ACCENT_COLOR_NAME = AccentColor;
				CODE_SIGN_ENTITLEMENTS = Focuser/Focuser.entitlements;
				CODE_SIGN_STYLE = Automatic;
				CURRENT_PROJECT_VERSION = 1;
				DEVELOPMENT_TEAM = MS6B699Q5Z;
				ENABLE_PREVIEWS = YES;
				GENERATE_INFOPLIST_FILE = YES;
				INFOPLIST_KEY_UIApplicationSceneManifest_Generation = YES;
				INFOPLIST_KEY_UIApplicationSupportsIndirectInputEvents = YES;
				INFOPLIST_KEY_UILaunchScreen_Generation = YES;
				INFOPLIST_KEY_UISupportedInterfaceOrientations_iPad = "UIInterfaceOrientationPortrait UIInterfaceOrientationPortraitUpsideDown UIInterfaceOrientationLandscapeLeft UIInterfaceOrientationLandscapeRight";
				INFOPLIST_KEY_UISupportedInterfaceOrientations_iPhone = "UIInterfaceOrientationPortrait UIInterfaceOrientationLandscapeLeft UIInterfaceOrientationLandscapeRight";
				LD_RUNPATH_SEARCH_PATHS = (
					"$(inherited)",
					"@executable_path/Frameworks",
				);
				MARKETING_VERSION = 1.0;
				PRODUCT_BUNDLE_IDENTIFIER = com.puranjanics.Focuser;
				PRODUCT_NAME = "$(TARGET_NAME)";
				SWIFT_EMIT_LOC_STRINGS = YES;
				SWIFT_VERSION = 5.0;
				TARGETED_DEVICE_FAMILY = "1,2";
			};
			name = Debug;
		};
		52629A9A2ED177F400FD6362 /* Release */ = {
			isa = XCBuildConfiguration;
			buildSettings = {
				ASSETCATALOG_COMPILER_APPICON_NAME = AppIcon;
				ASSETCATALOG_COMPILER_GLOBAL_ACCENT_COLOR_NAME = AccentColor;
				CODE_SIGN_ENTITLEMENTS = Focuser/Focuser.entitlements;
				CODE_SIGN_STYLE = Automatic;
				CURRENT_PROJECT_VERSION = 1;
				DEVELOPMENT_TEAM = MS6B699Q5Z;
				ENABLE_PREVIEWS = YES;
				GENERATE_INFOPLIST_FILE = YES;
				INFOPLIST_KEY_UIApplicationSceneManifest_Generation = YES;
				INFOPLIST_KEY_UIApplicationSupportsIndirectInputEvents = YES;
				INFOPLIST_KEY_UILaunchScreen_Generation = YES;
				INFOPLIST_KEY_UISupportedInterfaceOrientations_iPad = "UIInterfaceOrientationPortrait UIInterfaceOrientationPortraitUpsideDown UIInterfaceOrientationLandscapeLeft UIInterfaceOrientationLandscapeRight";
				INFOPLIST_KEY_UISupportedInterfaceOrientations_iPhone = "UIInterfaceOrientationPortrait UIInterfaceOrientationLandscapeLeft UIInterfaceOrientationLandscapeRight";
				LD_RUNPATH_SEARCH_PATHS = (
					"$(inherited)",
					"@executable_path/Frameworks",
				);
				MARKETING_VERSION = 1.0;
				PRODUCT_BUNDLE_IDENTIFIER = com.puranjanics.Focuser;
				PRODUCT_NAME = "$(TARGET_NAME)";
				SWIFT_EMIT_LOC_STRINGS = YES;
				SWIFT_VERSION = 5.0;
				TARGETED_DEVICE_FAMILY = "1,2";
			};
			name = Release;
		};
		52629A9C2ED177F400FD6362 /* Debug */ = {
			isa = XCBuildConfiguration;
			buildSettings = {
				BUNDLE_LOADER = "$(TEST_HOST)";
				CODE_SIGN_STYLE = Automatic;
				CURRENT_PROJECT_VERSION = 1;
				DEVELOPMENT_TEAM = MS6B699Q5Z;
				GENERATE_INFOPLIST_FILE = YES;
				IPHONEOS_DEPLOYMENT_TARGET = 18.5;
				MARKETING_VERSION = 1.0;
				PRODUCT_BUNDLE_IDENTIFIER = com.puranjanics.FocuserTests;
				PRODUCT_NAME = "$(TARGET_NAME)";
				SWIFT_EMIT_LOC_STRINGS = NO;
				SWIFT_VERSION = 5.0;
				TARGETED_DEVICE_FAMILY = "1,2";
				TEST_HOST = "$(BUILT_PRODUCTS_DIR)/Focuser.app/$(BUNDLE_EXECUTABLE_FOLDER_PATH)/Focuser";
			};
			name = Debug;
		};
		52629A9D2ED177F400FD6362 /* Release */ = {
			isa = XCBuildConfiguration;
			buildSettings = {
				BUNDLE_LOADER = "$(TEST_HOST)";
				CODE_SIGN_STYLE = Automatic;
				CURRENT_PROJECT_VERSION = 1;
				DEVELOPMENT_TEAM = MS6B699Q5Z;
				GENERATE_INFOPLIST_FILE = YES;
				IPHONEOS_DEPLOYMENT_TARGET = 18.5;
				MARKETING_VERSION = 1.0;
				PRODUCT_BUNDLE_IDENTIFIER = com.puranjanics.FocuserTests;
				PRODUCT_NAME = "$(TARGET_NAME)";
				SWIFT_EMIT_LOC_STRINGS = NO;
				SWIFT_VERSION = 5.0;
				TARGETED_DEVICE_FAMILY = "1,2";
				TEST_HOST = "$(BUILT_PRODUCTS_DIR)/Focuser.app/$(BUNDLE_EXECUTABLE_FOLDER_PATH)/Focuser";
			};
			name = Release;
		};
		52629A9F2ED177F400FD6362 /* Debug */ = {
			isa = XCBuildConfiguration;
			buildSettings = {
				CODE_SIGN_STYLE = Automatic;
				CURRENT_PROJECT_VERSION = 1;
				DEVELOPMENT_TEAM = MS6B699Q5Z;
				GENERATE_INFOPLIST_FILE = YES;
				MARKETING_VERSION = 1.0;
				PRODUCT_BUNDLE_IDENTIFIER = com.puranjanics.FocuserUITests;
				PRODUCT_NAME = "$(TARGET_NAME)";
				SWIFT_EMIT_LOC_STRINGS = NO;
				SWIFT_VERSION = 5.0;
				TARGETED_DEVICE_FAMILY = "1,2";
				TEST_TARGET_NAME = Focuser;
			};
			name = Debug;
		};
		52629AA02ED177F400FD6362 /* Release */ = {
			isa = XCBuildConfiguration;
			buildSettings = {
				CODE_SIGN_STYLE = Automatic;
				CURRENT_PROJECT_VERSION = 1;
				DEVELOPMENT_TEAM = MS6B699Q5Z;
				GENERATE_INFOPLIST_FILE = YES;
				MARKETING_VERSION = 1.0;
				PRODUCT_BUNDLE_IDENTIFIER = com.puranjanics.FocuserUITests;
				PRODUCT_NAME = "$(TARGET_NAME)";
				SWIFT_EMIT_LOC_STRINGS = NO;
				SWIFT_VERSION = 5.0;
				TARGETED_DEVICE_FAMILY = "1,2";
				TEST_TARGET_NAME = Focuser;
			};
			name = Release;
		};
		52629ACC2ED1886400FD6362 /* Debug */ = {
			isa = XCBuildConfiguration;
			buildSettings = {
				ARCHS = "$(ARCHS_STANDARD_64_BIT)";
				CODE_SIGN_ENTITLEMENTS = ContentBlocker/ContentBlocker.entitlements;
				CODE_SIGN_STYLE = Automatic;
				CURRENT_PROJECT_VERSION = 1;
				DEVELOPMENT_TEAM = MS6B699Q5Z;
				GENERATE_INFOPLIST_FILE = YES;
				INFOPLIST_FILE = ContentBlocker/Info.plist;
				INFOPLIST_KEY_CFBundleDisplayName = ContentBlocker;
				INFOPLIST_KEY_NSHumanReadableCopyright = "";
				LD_RUNPATH_SEARCH_PATHS = (
					"$(inherited)",
					"@executable_path/Frameworks",
					"@executable_path/../../Frameworks",
				);
				MARKETING_VERSION = 1.0;
				PRODUCT_BUNDLE_IDENTIFIER = com.puranjanics.Focuser.ContentBlocker;
				PRODUCT_NAME = "$(TARGET_NAME)";
				SKIP_INSTALL = YES;
				SWIFT_EMIT_LOC_STRINGS = YES;
				SWIFT_VERSION = 5.0;
				TARGETED_DEVICE_FAMILY = "1,2";
			};
			name = Debug;
		};
		52629ACD2ED1886400FD6362 /* Release */ = {
			isa = XCBuildConfiguration;
			buildSettings = {
				ARCHS = "$(ARCHS_STANDARD_64_BIT)";
				CODE_SIGN_ENTITLEMENTS = ContentBlocker/ContentBlocker.entitlements;
				CODE_SIGN_STYLE = Automatic;
				CURRENT_PROJECT_VERSION = 1;
				DEVELOPMENT_TEAM = MS6B699Q5Z;
				GENERATE_INFOPLIST_FILE = YES;
				INFOPLIST_FILE = ContentBlocker/Info.plist;
				INFOPLIST_KEY_CFBundleDisplayName = ContentBlocker;
				INFOPLIST_KEY_NSHumanReadableCopyright = "";
				LD_RUNPATH_SEARCH_PATHS = (
					"$(inherited)",
					"@executable_path/Frameworks",
					"@executable_path/../../Frameworks",
				);
				MARKETING_VERSION = 1.0;
				PRODUCT_BUNDLE_IDENTIFIER = com.puranjanics.Focuser.ContentBlocker;
				PRODUCT_NAME = "$(TARGET_NAME)";
				SKIP_INSTALL = YES;
				SWIFT_EMIT_LOC_STRINGS = YES;
				SWIFT_VERSION = 5.0;
				TARGETED_DEVICE_FAMILY = "1,2";
			};
			name = Release;
		};
/* End XCBuildConfiguration section */

/* Begin XCConfigurationList section */
		52629A722ED177F300FD6362 /* Build configuration list for PBXProject "Focuser" */ = {
			isa = XCConfigurationList;
			buildConfigurations = (
				52629A962ED177F400FD6362 /* Debug */,
				52629A972ED177F400FD6362 /* Release */,
			);
			defaultConfigurationIsVisible = 0;
			defaultConfigurationName = Release;
		};
		52629A982ED177F400FD6362 /* Build configuration list for PBXNativeTarget "Focuser" */ = {
			isa = XCConfigurationList;
			buildConfigurations = (
				52629A992ED177F400FD6362 /* Debug */,
				52629A9A2ED177F400FD6362 /* Release */,
			);
			defaultConfigurationIsVisible = 0;
			defaultConfigurationName = Release;
		};
		52629A9B2ED177F400FD6362 /* Build configuration list for PBXNativeTarget "FocuserTests" */ = {
			isa = XCConfigurationList;
			buildConfigurations = (
				52629A9C2ED177F400FD6362 /* Debug */,
				52629A9D2ED177F400FD6362 /* Release */,
			);
			defaultConfigurationIsVisible = 0;
			defaultConfigurationName = Release;
		};
		52629A9E2ED177F400FD6362 /* Build configuration list for PBXNativeTarget "FocuserUITests" */ = {
			isa = XCConfigurationList;
			buildConfigurations = (
				52629A9F2ED177F400FD6362 /* Debug */,
				52629AA02ED177F400FD6362 /* Release */,
			);
			defaultConfigurationIsVisible = 0;
			defaultConfigurationName = Release;
		};
		52629ACB2ED1886400FD6362 /* Build configuration list for PBXNativeTarget "ContentBlocker" */ = {
			isa = XCConfigurationList;
			buildConfigurations = (
				52629ACC2ED1886400FD6362 /* Debug */,
				52629ACD2ED1886400FD6362 /* Release */,
			);
			defaultConfigurationIsVisible = 0;
			defaultConfigurationName = Release;
		};
/* End XCConfigurationList section */
	};
	rootObject = 52629A6F2ED177F300FD6362 /* Project object */;
}
